
Microsoft Visual Studio Solution File, Format Version 12.00
# Visual Studio Version 16
VisualStudioVersion = 16.0.31702.278
MinimumVisualStudioVersion = 10.0.40219.1
Project("{FAE04EC0-301F-11D3-BF4B-00C04F79EFBC}") = "Part72Dictionary", "Part72Dictionary\Part72Dictionary.csproj", "{8839705B-4433-4439-971F-804CCB59243D}"
EndProject
Global
	GlobalSection(SolutionConfigurationPlatforms) = preSolution
		Debug|Any CPU = Debug|Any CPU
		Release|Any CPU = Release|Any CPU
	EndGlobalSection
	GlobalSection(ProjectConfigurationPlatforms) = postSolution
		{8839705B-4433-4439-971F-804CCB59243D}.Debug|Any CPU.ActiveCfg = Debug|Any CPU
		{8839705B-4433-4439-971F-804CCB59243D}.Debug|Any CPU.Build.0 = Debug|Any CPU
		{8839705B-4433-4439-971F-804CCB59243D}.Release|Any CPU.ActiveCfg = Release|Any CPU
		{8839705B-4433-4439-971F-804CCB59243D}.Release|Any CPU.Build.0 = Release|Any CPU
	EndGlobalSection
	GlobalSection(SolutionProperties) = preSolution
		HideSolutionNode = FALSE
	EndGlobalSection
	GlobalSection(ExtensibilityGlobals) = postSolution
		SolutionGuid = {D608023C-3BC0-4367-822F-DE0DEDE5904A}
	EndGlobalSection
EndGlobal
